# This is a Gradle generated file for dependency locking.
# Manual edits can break the build and are not advised.
# This file is expected to be part of source control.
com.beust:jcommander:1.35
com.github.rahulsom:svg-builder:0.2.3
com.github.sommeri:less4j:1.17.2
com.google.code.gson:gson:2.5
com.sun.xml.bind:jaxb-core:2.2.11
com.sun.xml.bind:jaxb-impl:2.2.11
commons-beanutils:commons-beanutils:1.8.3
commons-io:commons-io:2.3
commons-logging:commons-logging:1.1.1
javax.activation:activation:1.1.1
javax.xml.bind:jaxb-api:2.2.11
org.antlr:antlr-runtime:3.5.2
org.asciidoctor:asciidoctorj:1.5.4.1
org.jruby:jruby-complete:9.1.14.0
org.slf4j:slf4j-api:1.7.25
