# This is a Gradle generated file for dependency locking.
# Manual edits can break the build and are not advised.
# This file is expected to be part of source control.
antlr:antlr:2.7.7
com.google.guava:guava:19.0
com.puppycrawl.tools:checkstyle:7.6.1
commons-beanutils:commons-beanutils:1.9.3
commons-cli:commons-cli:1.4
commons-collections:commons-collections:3.2.2
org.antlr:antlr4-runtime:4.6
